// !$*UTF8*$!
{
	archiveVersion = 1;
	classes = {
	};
	objectVersion = 46;
	objects = {

/* Begin PBXBuildFile section */
		AB8405E613D378C6003239F9 /* MyTableViewController.m in Sources */ = {isa = PBXBuildFile; fileRef = AB8405E413D378C6003239F9 /* MyTableViewController.m */; };
		AB8405E713D378C6003239F9 /* MyTableViewController.xib in Resources */ = {isa = PBXBuildFile; fileRef = AB8405E513D378C6003239F9 /* MyTableViewController.xib */; };
		AB8405F513D3C5C2003239F9 /* MyDetailedTableViewController.xib in Resources */ = {isa = PBXBuildFile; fileRef = AB8405F313D3C5C1003239F9 /* MyDetailedTableViewController.xib */; };
		AB8405F813D3C622003239F9 /* PersonDataSource.m in Sources */ = {isa = PBXBuildFile; fileRef = AB8405F713D3C622003239F9 /* PersonDataSource.m */; };
		ABAAFAE313E5C8D600334541 /* libRestKitJSONParserJSONKit.a in Frameworks */ = {isa = PBXBuildFile; fileRef = ABAAFADF13E5C8D600334541 /* libRestKitJSONParserJSONKit.a */; };
		ABAAFAE413E5C8D600334541 /* libRestKitNetwork.a in Frameworks */ = {isa = PBXBuildFile; fileRef = ABAAFAE013E5C8D600334541 /* libRestKitNetwork.a */; };
		ABAAFAE513E5C8D600334541 /* libRestKitObjectMapping.a in Frameworks */ = {isa = PBXBuildFile; fileRef = ABAAFAE113E5C8D600334541 /* libRestKitObjectMapping.a */; };
		ABAAFAE613E5C8D600334541 /* libRestKitSupport.a in Frameworks */ = {isa = PBXBuildFile; fileRef = ABAAFAE213E5C8D600334541 /* libRestKitSupport.a */; };
		ABAAFAE813E5C8E700334541 /* CFNetwork.framework in Frameworks */ = {isa = PBXBuildFile; fileRef = ABAAFAE713E5C8E700334541 /* CFNetwork.framework */; };
		ABAAFAEA13E5C8F700334541 /* MobileCoreServices.framework in Frameworks */ = {isa = PBXBuildFile; fileRef = ABAAFAE913E5C8F700334541 /* MobileCoreServices.framework */; };
		ABAAFAEC13E5C90400334541 /* SystemConfiguration.framework in Frameworks */ = {isa = PBXBuildFile; fileRef = ABAAFAEB13E5C90400334541 /* SystemConfiguration.framework */; };
		ABAAFAEE13E5C91B00334541 /* libxml2.dylib in Frameworks */ = {isa = PBXBuildFile; fileRef = ABAAFAED13E5C91B00334541 /* libxml2.dylib */; };
		ABB16A6313CF7BEC00D76DFB /* UIKit.framework in Frameworks */ = {isa = PBXBuildFile; fileRef = ABB16A6213CF7BEC00D76DFB /* UIKit.framework */; };
		ABB16A6513CF7BEC00D76DFB /* Foundation.framework in Frameworks */ = {isa = PBXBuildFile; fileRef = ABB16A6413CF7BEC00D76DFB /* Foundation.framework */; };
		ABB16A6713CF7BEC00D76DFB /* CoreGraphics.framework in Frameworks */ = {isa = PBXBuildFile; fileRef = ABB16A6613CF7BEC00D76DFB /* CoreGraphics.framework */; };
		ABB16A6D13CF7BEC00D76DFB /* InfoPlist.strings in Resources */ = {isa = PBXBuildFile; fileRef = ABB16A6B13CF7BEC00D76DFB /* InfoPlist.strings */; };
		ABB16A7013CF7BEC00D76DFB /* main.m in Sources */ = {isa = PBXBuildFile; fileRef = ABB16A6F13CF7BEC00D76DFB /* main.m */; };
		ABB16A7313CF7BEC00D76DFB /* iPhoneHelloWorldAppDelegate.m in Sources */ = {isa = PBXBuildFile; fileRef = ABB16A7213CF7BEC00D76DFB /* iPhoneHelloWorldAppDelegate.m */; };
		ABB16A7713CF7BEC00D76DFB /* iPhoneHelloWorldAppDelegate_iPhone.m in Sources */ = {isa = PBXBuildFile; fileRef = ABB16A7613CF7BEC00D76DFB /* iPhoneHelloWorldAppDelegate_iPhone.m */; };
		ABB16A7A13CF7BEC00D76DFB /* MainWindow_iPhone.xib in Resources */ = {isa = PBXBuildFile; fileRef = ABB16A7813CF7BEC00D76DFB /* MainWindow_iPhone.xib */; };
		ABB16A7E13CF7BEC00D76DFB /* iPhoneHelloWorldAppDelegate_iPad.m in Sources */ = {isa = PBXBuildFile; fileRef = ABB16A7D13CF7BEC00D76DFB /* iPhoneHelloWorldAppDelegate_iPad.m */; };
		ABB16A8113CF7BEC00D76DFB /* MainWindow_iPad.xib in Resources */ = {isa = PBXBuildFile; fileRef = ABB16A7F13CF7BEC00D76DFB /* MainWindow_iPad.xib */; };
		ABB16A8A13CF847300D76DFB /* MyViewController.m in Sources */ = {isa = PBXBuildFile; fileRef = ABB16A8813CF847300D76DFB /* MyViewController.m */; };
		ABB16A8B13CF847300D76DFB /* MyViewController.xib in Resources */ = {isa = PBXBuildFile; fileRef = ABB16A8913CF847300D76DFB /* MyViewController.xib */; };
		ABB16A8D13CF9E0000D76DFB /* README in Resources */ = {isa = PBXBuildFile; fileRef = ABB16A8C13CF9E0000D76DFB /* README */; };
		ABB16AA813CFA4B400D76DFB /* NSObject+SBJson.m in Sources */ = {isa = PBXBuildFile; fileRef = ABB16A9013CFA4B400D76DFB /* NSObject+SBJson.m */; };
		ABB16AA913CFA4B400D76DFB /* SBJsonParser.m in Sources */ = {isa = PBXBuildFile; fileRef = ABB16A9313CFA4B400D76DFB /* SBJsonParser.m */; };
		ABB16AAA13CFA4B400D76DFB /* SBJsonStreamParser.m in Sources */ = {isa = PBXBuildFile; fileRef = ABB16A9513CFA4B400D76DFB /* SBJsonStreamParser.m */; };
		ABB16AAB13CFA4B400D76DFB /* SBJsonStreamParserAccumulator.m in Sources */ = {isa = PBXBuildFile; fileRef = ABB16A9713CFA4B400D76DFB /* SBJsonStreamParserAccumulator.m */; };
		ABB16AAC13CFA4B400D76DFB /* SBJsonStreamParserAdapter.m in Sources */ = {isa = PBXBuildFile; fileRef = ABB16A9913CFA4B400D76DFB /* SBJsonStreamParserAdapter.m */; };
		ABB16AAD13CFA4B400D76DFB /* SBJsonStreamParserState.m in Sources */ = {isa = PBXBuildFile; fileRef = ABB16A9B13CFA4B400D76DFB /* SBJsonStreamParserState.m */; };
		ABB16AAE13CFA4B400D76DFB /* SBJsonStreamWriter.m in Sources */ = {isa = PBXBuildFile; fileRef = ABB16A9D13CFA4B400D76DFB /* SBJsonStreamWriter.m */; };
		ABB16AAF13CFA4B400D76DFB /* SBJsonStreamWriterAccumulator.m in Sources */ = {isa = PBXBuildFile; fileRef = ABB16A9F13CFA4B400D76DFB /* SBJsonStreamWriterAccumulator.m */; };
		ABB16AB013CFA4B400D76DFB /* SBJsonStreamWriterState.m in Sources */ = {isa = PBXBuildFile; fileRef = ABB16AA113CFA4B400D76DFB /* SBJsonStreamWriterState.m */; };
		ABB16AB113CFA4B400D76DFB /* SBJsonTokeniser.m in Sources */ = {isa = PBXBuildFile; fileRef = ABB16AA313CFA4B400D76DFB /* SBJsonTokeniser.m */; };
		ABB16AB213CFA4B400D76DFB /* SBJsonUTF8Stream.m in Sources */ = {isa = PBXBuildFile; fileRef = ABB16AA513CFA4B400D76DFB /* SBJsonUTF8Stream.m */; };
		ABB16AB313CFA4B400D76DFB /* SBJsonWriter.m in Sources */ = {isa = PBXBuildFile; fileRef = ABB16AA713CFA4B400D76DFB /* SBJsonWriter.m */; };
		ABB16AB613CFCE5300D76DFB /* NamesList.m in Sources */ = {isa = PBXBuildFile; fileRef = ABB16AB513CFCE5300D76DFB /* NamesList.m */; };
		ABB16AF413D23EB000D76DFB /* Person.m in Sources */ = {isa = PBXBuildFile; fileRef = ABB16AF313D23EB000D76DFB /* Person.m */; };
		ABB16AF713D23FCA00D76DFB /* Weight.m in Sources */ = {isa = PBXBuildFile; fileRef = ABB16AF613D23FCA00D76DFB /* Weight.m */; };
		ABB16AFA13D246EF00D76DFB /* People.m in Sources */ = {isa = PBXBuildFile; fileRef = ABB16AF913D246EE00D76DFB /* People.m */; };
		ABB16AFD13D24E9A00D76DFB /* PeopleDatasource.m in Sources */ = {isa = PBXBuildFile; fileRef = ABB16AFC13D24E9900D76DFB /* PeopleDatasource.m */; };
		ABB2505313E8275C00D672DF /* MyDetailedTableViewController.m in Sources */ = {isa = PBXBuildFile; fileRef = ABB2505213E8275C00D672DF /* MyDetailedTableViewController.m */; };
/* End PBXBuildFile section */

/* Begin PBXContainerItemProxy section */
		ABAAFAC613E5C5CA00334541 /* PBXContainerItemProxy */ = {
			isa = PBXContainerItemProxy;
			containerPortal = ABAAFAB213E5C5C900334541 /* RestKit.xcodeproj */;
			proxyType = 2;
			remoteGlobalIDString = 253A07FC1255161B00976E89;
			remoteInfo = RestKitNetwork;
		};
		ABAAFAC813E5C5CA00334541 /* PBXContainerItemProxy */ = {
			isa = PBXContainerItemProxy;
			containerPortal = ABAAFAB213E5C5C900334541 /* RestKit.xcodeproj */;
			proxyType = 2;
			remoteGlobalIDString = 253A08031255162C00976E89;
			remoteInfo = RestKitObjectMapping;
		};
		ABAAFACA13E5C5CA00334541 /* PBXContainerItemProxy */ = {
			isa = PBXContainerItemProxy;
			containerPortal = ABAAFAB213E5C5C900334541 /* RestKit.xcodeproj */;
			proxyType = 2;
			remoteGlobalIDString = 253A080C12551D3000976E89;
			remoteInfo = RestKitSupport;
		};
		ABAAFACC13E5C5CA00334541 /* PBXContainerItemProxy */ = {
			isa = PBXContainerItemProxy;
			containerPortal = ABAAFAB213E5C5C900334541 /* RestKit.xcodeproj */;
			proxyType = 2;
			remoteGlobalIDString = 20808DBD13DE8CDC000A156A;
			remoteInfo = "RestKitJSONParser+NXJSON";
		};
		ABAAFACE13E5C5CA00334541 /* PBXContainerItemProxy */ = {
			isa = PBXContainerItemProxy;
			containerPortal = ABAAFAB213E5C5C900334541 /* RestKit.xcodeproj */;
			proxyType = 2;
			remoteGlobalIDString = 2590E64F125231F600531FA8;
			remoteInfo = "RestKitJSONParser+YAJL";
		};
		ABAAFAD013E5C5CA00334541 /* PBXContainerItemProxy */ = {
			isa = PBXContainerItemProxy;
			containerPortal = ABAAFAB213E5C5C900334541 /* RestKit.xcodeproj */;
			proxyType = 2;
			remoteGlobalIDString = 2590E66B1252353700531FA8;
			remoteInfo = "RestKitJSONParser+SBJSON";
		};
		ABAAFAD213E5C5CA00334541 /* PBXContainerItemProxy */ = {
			isa = PBXContainerItemProxy;
			containerPortal = ABAAFAB213E5C5C900334541 /* RestKit.xcodeproj */;
			proxyType = 2;
			remoteGlobalIDString = 73057FD11331AD2E001908EE;
			remoteInfo = "RestKitJSONParser+JSONKit";
		};
		ABAAFAD413E5C5CA00334541 /* PBXContainerItemProxy */ = {
			isa = PBXContainerItemProxy;
			containerPortal = ABAAFAB213E5C5C900334541 /* RestKit.xcodeproj */;
			proxyType = 2;
			remoteGlobalIDString = 25BD43BD1340315800DBACDD;
			remoteInfo = "RestKitXMLParser+Libxml";
		};
		ABAAFAD613E5C5CA00334541 /* PBXContainerItemProxy */ = {
			isa = PBXContainerItemProxy;
			containerPortal = ABAAFAB213E5C5C900334541 /* RestKit.xcodeproj */;
			proxyType = 2;
			remoteGlobalIDString = 253A081412551D5300976E89;
			remoteInfo = RestKitCoreData;
		};
		ABAAFAD813E5C5CA00334541 /* PBXContainerItemProxy */ = {
			isa = PBXContainerItemProxy;
			containerPortal = ABAAFAB213E5C5C900334541 /* RestKit.xcodeproj */;
			proxyType = 2;
			remoteGlobalIDString = 2523360511E79F090048F9B4;
			remoteInfo = RestKitThree20;
		};
		ABAAFADA13E5C5CA00334541 /* PBXContainerItemProxy */ = {
			isa = PBXContainerItemProxy;
			containerPortal = ABAAFAB213E5C5C900334541 /* RestKit.xcodeproj */;
			proxyType = 2;
			remoteGlobalIDString = 3F6C39A510FE5C95008F47C5;
			remoteInfo = UISpec;
		};
		ABAAFADD13E5C81700334541 /* PBXContainerItemProxy */ = {
			isa = PBXContainerItemProxy;
			containerPortal = ABAAFAB213E5C5C900334541 /* RestKit.xcodeproj */;
			proxyType = 1;
			remoteGlobalIDString = 255B7588133BABBF00ED76AD;
			remoteInfo = RestKit;
		};
/* End PBXContainerItemProxy section */

/* Begin PBXFileReference section */
		AB8405E313D378C5003239F9 /* MyTableViewController.h */ = {isa = PBXFileReference; fileEncoding = 4; lastKnownFileType = sourcecode.c.h; name = MyTableViewController.h; path = ../MyTableViewController.h; sourceTree = "<group>"; };
		AB8405E413D378C6003239F9 /* MyTableViewController.m */ = {isa = PBXFileReference; fileEncoding = 4; lastKnownFileType = sourcecode.c.objc; name = MyTableViewController.m; path = ../MyTableViewController.m; sourceTree = "<group>"; };
		AB8405E513D378C6003239F9 /* MyTableViewController.xib */ = {isa = PBXFileReference; fileEncoding = 4; lastKnownFileType = file.xib; name = MyTableViewController.xib; path = ../MyTableViewController.xib; sourceTree = "<group>"; };
		AB8405F113D3C5C1003239F9 /* MyDetailedTableViewController.h */ = {isa = PBXFileReference; fileEncoding = 4; lastKnownFileType = sourcecode.c.h; path = MyDetailedTableViewController.h; sourceTree = "<group>"; };
		AB8405F313D3C5C1003239F9 /* MyDetailedTableViewController.xib */ = {isa = PBXFileReference; fileEncoding = 4; lastKnownFileType = file.xib; path = MyDetailedTableViewController.xib; sourceTree = "<group>"; };
		AB8405F613D3C622003239F9 /* PersonDataSource.h */ = {isa = PBXFileReference; fileEncoding = 4; lastKnownFileType = sourcecode.c.h; path = PersonDataSource.h; sourceTree = "<group>"; };
		AB8405F713D3C622003239F9 /* PersonDataSource.m */ = {isa = PBXFileReference; fileEncoding = 4; lastKnownFileType = sourcecode.c.objc; path = PersonDataSource.m; sourceTree = "<group>"; };
		ABAAFAB213E5C5C900334541 /* RestKit.xcodeproj */ = {isa = PBXFileReference; lastKnownFileType = "wrapper.pb-project"; name = RestKit.xcodeproj; path = RestKit/RestKit.xcodeproj; sourceTree = "<group>"; };
		ABAAFADF13E5C8D600334541 /* libRestKitJSONParserJSONKit.a */ = {isa = PBXFileReference; explicitFileType = archive.ar; path = libRestKitJSONParserJSONKit.a; sourceTree = SOURCE_ROOT; };
		ABAAFAE013E5C8D600334541 /* libRestKitNetwork.a */ = {isa = PBXFileReference; explicitFileType = archive.ar; path = libRestKitNetwork.a; sourceTree = SOURCE_ROOT; };
		ABAAFAE113E5C8D600334541 /* libRestKitObjectMapping.a */ = {isa = PBXFileReference; explicitFileType = archive.ar; path = libRestKitObjectMapping.a; sourceTree = SOURCE_ROOT; };
		ABAAFAE213E5C8D600334541 /* libRestKitSupport.a */ = {isa = PBXFileReference; explicitFileType = archive.ar; path = libRestKitSupport.a; sourceTree = SOURCE_ROOT; };
		ABAAFAE713E5C8E700334541 /* CFNetwork.framework */ = {isa = PBXFileReference; lastKnownFileType = wrapper.framework; name = CFNetwork.framework; path = System/Library/Frameworks/CFNetwork.framework; sourceTree = SDKROOT; };
		ABAAFAE913E5C8F700334541 /* MobileCoreServices.framework */ = {isa = PBXFileReference; lastKnownFileType = wrapper.framework; name = MobileCoreServices.framework; path = System/Library/Frameworks/MobileCoreServices.framework; sourceTree = SDKROOT; };
		ABAAFAEB13E5C90400334541 /* SystemConfiguration.framework */ = {isa = PBXFileReference; lastKnownFileType = wrapper.framework; name = SystemConfiguration.framework; path = System/Library/Frameworks/SystemConfiguration.framework; sourceTree = SDKROOT; };
		ABAAFAED13E5C91B00334541 /* libxml2.dylib */ = {isa = PBXFileReference; lastKnownFileType = "compiled.mach-o.dylib"; name = libxml2.dylib; path = usr/lib/libxml2.dylib; sourceTree = SDKROOT; };
		ABB16A5E13CF7BEC00D76DFB /* iPhoneHelloWorld.app */ = {isa = PBXFileReference; explicitFileType = wrapper.application; includeInIndex = 0; path = iPhoneHelloWorld.app; sourceTree = BUILT_PRODUCTS_DIR; };
		ABB16A6213CF7BEC00D76DFB /* UIKit.framework */ = {isa = PBXFileReference; lastKnownFileType = wrapper.framework; name = UIKit.framework; path = System/Library/Frameworks/UIKit.framework; sourceTree = SDKROOT; };
		ABB16A6413CF7BEC00D76DFB /* Foundation.framework */ = {isa = PBXFileReference; lastKnownFileType = wrapper.framework; name = Foundation.framework; path = System/Library/Frameworks/Foundation.framework; sourceTree = SDKROOT; };
		ABB16A6613CF7BEC00D76DFB /* CoreGraphics.framework */ = {isa = PBXFileReference; lastKnownFileType = wrapper.framework; name = CoreGraphics.framework; path = System/Library/Frameworks/CoreGraphics.framework; sourceTree = SDKROOT; };
		ABB16A6A13CF7BEC00D76DFB /* iPhoneHelloWorld-Info.plist */ = {isa = PBXFileReference; lastKnownFileType = text.plist.xml; path = "iPhoneHelloWorld-Info.plist"; sourceTree = "<group>"; };
		ABB16A6C13CF7BEC00D76DFB /* en */ = {isa = PBXFileReference; lastKnownFileType = text.plist.strings; name = en; path = en.lproj/InfoPlist.strings; sourceTree = "<group>"; };
		ABB16A6E13CF7BEC00D76DFB /* iPhoneHelloWorld-Prefix.pch */ = {isa = PBXFileReference; lastKnownFileType = sourcecode.c.h; path = "iPhoneHelloWorld-Prefix.pch"; sourceTree = "<group>"; };
		ABB16A6F13CF7BEC00D76DFB /* main.m */ = {isa = PBXFileReference; lastKnownFileType = sourcecode.c.objc; path = main.m; sourceTree = "<group>"; };
		ABB16A7113CF7BEC00D76DFB /* iPhoneHelloWorldAppDelegate.h */ = {isa = PBXFileReference; lastKnownFileType = sourcecode.c.h; path = iPhoneHelloWorldAppDelegate.h; sourceTree = "<group>"; };
		ABB16A7213CF7BEC00D76DFB /* iPhoneHelloWorldAppDelegate.m */ = {isa = PBXFileReference; lastKnownFileType = sourcecode.c.objc; path = iPhoneHelloWorldAppDelegate.m; sourceTree = "<group>"; };
		ABB16A7513CF7BEC00D76DFB /* iPhoneHelloWorldAppDelegate_iPhone.h */ = {isa = PBXFileReference; lastKnownFileType = sourcecode.c.h; name = iPhoneHelloWorldAppDelegate_iPhone.h; path = iPhone/iPhoneHelloWorldAppDelegate_iPhone.h; sourceTree = "<group>"; };
		ABB16A7613CF7BEC00D76DFB /* iPhoneHelloWorldAppDelegate_iPhone.m */ = {isa = PBXFileReference; lastKnownFileType = sourcecode.c.objc; name = iPhoneHelloWorldAppDelegate_iPhone.m; path = iPhone/iPhoneHelloWorldAppDelegate_iPhone.m; sourceTree = "<group>"; };
		ABB16A7913CF7BEC00D76DFB /* en */ = {isa = PBXFileReference; lastKnownFileType = file.xib; name = en; path = iPhone/en.lproj/MainWindow_iPhone.xib; sourceTree = "<group>"; };
		ABB16A7C13CF7BEC00D76DFB /* iPhoneHelloWorldAppDelegate_iPad.h */ = {isa = PBXFileReference; lastKnownFileType = sourcecode.c.h; name = iPhoneHelloWorldAppDelegate_iPad.h; path = iPad/iPhoneHelloWorldAppDelegate_iPad.h; sourceTree = "<group>"; };
		ABB16A7D13CF7BEC00D76DFB /* iPhoneHelloWorldAppDelegate_iPad.m */ = {isa = PBXFileReference; lastKnownFileType = sourcecode.c.objc; name = iPhoneHelloWorldAppDelegate_iPad.m; path = iPad/iPhoneHelloWorldAppDelegate_iPad.m; sourceTree = "<group>"; };
		ABB16A8013CF7BEC00D76DFB /* en */ = {isa = PBXFileReference; lastKnownFileType = file.xib; name = en; path = iPad/en.lproj/MainWindow_iPad.xib; sourceTree = "<group>"; };
		ABB16A8713CF847300D76DFB /* MyViewController.h */ = {isa = PBXFileReference; fileEncoding = 4; lastKnownFileType = sourcecode.c.h; path = MyViewController.h; sourceTree = "<group>"; };
		ABB16A8813CF847300D76DFB /* MyViewController.m */ = {isa = PBXFileReference; fileEncoding = 4; lastKnownFileType = sourcecode.c.objc; path = MyViewController.m; sourceTree = "<group>"; };
		ABB16A8913CF847300D76DFB /* MyViewController.xib */ = {isa = PBXFileReference; fileEncoding = 4; lastKnownFileType = file.xib; path = MyViewController.xib; sourceTree = "<group>"; };
		ABB16A8C13CF9E0000D76DFB /* README */ = {isa = PBXFileReference; fileEncoding = 4; lastKnownFileType = text; path = README; sourceTree = "<group>"; };
		ABB16A8F13CFA4B400D76DFB /* NSObject+SBJson.h */ = {isa = PBXFileReference; fileEncoding = 4; lastKnownFileType = sourcecode.c.h; path = "NSObject+SBJson.h"; sourceTree = "<group>"; };
		ABB16A9013CFA4B400D76DFB /* NSObject+SBJson.m */ = {isa = PBXFileReference; fileEncoding = 4; lastKnownFileType = sourcecode.c.objc; path = "NSObject+SBJson.m"; sourceTree = "<group>"; };
		ABB16A9113CFA4B400D76DFB /* SBJson.h */ = {isa = PBXFileReference; fileEncoding = 4; lastKnownFileType = sourcecode.c.h; path = SBJson.h; sourceTree = "<group>"; };
		ABB16A9213CFA4B400D76DFB /* SBJsonParser.h */ = {isa = PBXFileReference; fileEncoding = 4; lastKnownFileType = sourcecode.c.h; path = SBJsonParser.h; sourceTree = "<group>"; };
		ABB16A9313CFA4B400D76DFB /* SBJsonParser.m */ = {isa = PBXFileReference; fileEncoding = 4; lastKnownFileType = sourcecode.c.objc; path = SBJsonParser.m; sourceTree = "<group>"; };
		ABB16A9413CFA4B400D76DFB /* SBJsonStreamParser.h */ = {isa = PBXFileReference; fileEncoding = 4; lastKnownFileType = sourcecode.c.h; path = SBJsonStreamParser.h; sourceTree = "<group>"; };
		ABB16A9513CFA4B400D76DFB /* SBJsonStreamParser.m */ = {isa = PBXFileReference; fileEncoding = 4; lastKnownFileType = sourcecode.c.objc; path = SBJsonStreamParser.m; sourceTree = "<group>"; };
		ABB16A9613CFA4B400D76DFB /* SBJsonStreamParserAccumulator.h */ = {isa = PBXFileReference; fileEncoding = 4; lastKnownFileType = sourcecode.c.h; path = SBJsonStreamParserAccumulator.h; sourceTree = "<group>"; };
		ABB16A9713CFA4B400D76DFB /* SBJsonStreamParserAccumulator.m */ = {isa = PBXFileReference; fileEncoding = 4; lastKnownFileType = sourcecode.c.objc; path = SBJsonStreamParserAccumulator.m; sourceTree = "<group>"; };
		ABB16A9813CFA4B400D76DFB /* SBJsonStreamParserAdapter.h */ = {isa = PBXFileReference; fileEncoding = 4; lastKnownFileType = sourcecode.c.h; path = SBJsonStreamParserAdapter.h; sourceTree = "<group>"; };
		ABB16A9913CFA4B400D76DFB /* SBJsonStreamParserAdapter.m */ = {isa = PBXFileReference; fileEncoding = 4; lastKnownFileType = sourcecode.c.objc; path = SBJsonStreamParserAdapter.m; sourceTree = "<group>"; };
		ABB16A9A13CFA4B400D76DFB /* SBJsonStreamParserState.h */ = {isa = PBXFileReference; fileEncoding = 4; lastKnownFileType = sourcecode.c.h; path = SBJsonStreamParserState.h; sourceTree = "<group>"; };
		ABB16A9B13CFA4B400D76DFB /* SBJsonStreamParserState.m */ = {isa = PBXFileReference; fileEncoding = 4; lastKnownFileType = sourcecode.c.objc; path = SBJsonStreamParserState.m; sourceTree = "<group>"; };
		ABB16A9C13CFA4B400D76DFB /* SBJsonStreamWriter.h */ = {isa = PBXFileReference; fileEncoding = 4; lastKnownFileType = sourcecode.c.h; path = SBJsonStreamWriter.h; sourceTree = "<group>"; };
		ABB16A9D13CFA4B400D76DFB /* SBJsonStreamWriter.m */ = {isa = PBXFileReference; fileEncoding = 4; lastKnownFileType = sourcecode.c.objc; path = SBJsonStreamWriter.m; sourceTree = "<group>"; };
		ABB16A9E13CFA4B400D76DFB /* SBJsonStreamWriterAccumulator.h */ = {isa = PBXFileReference; fileEncoding = 4; lastKnownFileType = sourcecode.c.h; path = SBJsonStreamWriterAccumulator.h; sourceTree = "<group>"; };
		ABB16A9F13CFA4B400D76DFB /* SBJsonStreamWriterAccumulator.m */ = {isa = PBXFileReference; fileEncoding = 4; lastKnownFileType = sourcecode.c.objc; path = SBJsonStreamWriterAccumulator.m; sourceTree = "<group>"; };
		ABB16AA013CFA4B400D76DFB /* SBJsonStreamWriterState.h */ = {isa = PBXFileReference; fileEncoding = 4; lastKnownFileType = sourcecode.c.h; path = SBJsonStreamWriterState.h; sourceTree = "<group>"; };
		ABB16AA113CFA4B400D76DFB /* SBJsonStreamWriterState.m */ = {isa = PBXFileReference; fileEncoding = 4; lastKnownFileType = sourcecode.c.objc; path = SBJsonStreamWriterState.m; sourceTree = "<group>"; };
		ABB16AA213CFA4B400D76DFB /* SBJsonTokeniser.h */ = {isa = PBXFileReference; fileEncoding = 4; lastKnownFileType = sourcecode.c.h; path = SBJsonTokeniser.h; sourceTree = "<group>"; };
		ABB16AA313CFA4B400D76DFB /* SBJsonTokeniser.m */ = {isa = PBXFileReference; fileEncoding = 4; lastKnownFileType = sourcecode.c.objc; path = SBJsonTokeniser.m; sourceTree = "<group>"; };
		ABB16AA413CFA4B400D76DFB /* SBJsonUTF8Stream.h */ = {isa = PBXFileReference; fileEncoding = 4; lastKnownFileType = sourcecode.c.h; path = SBJsonUTF8Stream.h; sourceTree = "<group>"; };
		ABB16AA513CFA4B400D76DFB /* SBJsonUTF8Stream.m */ = {isa = PBXFileReference; fileEncoding = 4; lastKnownFileType = sourcecode.c.objc; path = SBJsonUTF8Stream.m; sourceTree = "<group>"; };
		ABB16AA613CFA4B400D76DFB /* SBJsonWriter.h */ = {isa = PBXFileReference; fileEncoding = 4; lastKnownFileType = sourcecode.c.h; path = SBJsonWriter.h; sourceTree = "<group>"; };
		ABB16AA713CFA4B400D76DFB /* SBJsonWriter.m */ = {isa = PBXFileReference; fileEncoding = 4; lastKnownFileType = sourcecode.c.objc; path = SBJsonWriter.m; sourceTree = "<group>"; };
		ABB16AB413CFCE5300D76DFB /* NamesList.h */ = {isa = PBXFileReference; fileEncoding = 4; lastKnownFileType = sourcecode.c.h; path = NamesList.h; sourceTree = "<group>"; };
		ABB16AB513CFCE5300D76DFB /* NamesList.m */ = {isa = PBXFileReference; fileEncoding = 4; lastKnownFileType = sourcecode.c.objc; path = NamesList.m; sourceTree = "<group>"; };
		ABB16AF213D23EB000D76DFB /* Person.h */ = {isa = PBXFileReference; fileEncoding = 4; lastKnownFileType = sourcecode.c.h; path = Person.h; sourceTree = "<group>"; };
		ABB16AF313D23EB000D76DFB /* Person.m */ = {isa = PBXFileReference; fileEncoding = 4; lastKnownFileType = sourcecode.c.objc; path = Person.m; sourceTree = "<group>"; };
		ABB16AF513D23FCA00D76DFB /* Weight.h */ = {isa = PBXFileReference; fileEncoding = 4; lastKnownFileType = sourcecode.c.h; path = Weight.h; sourceTree = "<group>"; };
		ABB16AF613D23FCA00D76DFB /* Weight.m */ = {isa = PBXFileReference; fileEncoding = 4; lastKnownFileType = sourcecode.c.objc; path = Weight.m; sourceTree = "<group>"; };
		ABB16AF813D246EE00D76DFB /* People.h */ = {isa = PBXFileReference; fileEncoding = 4; lastKnownFileType = sourcecode.c.h; path = People.h; sourceTree = "<group>"; };
		ABB16AF913D246EE00D76DFB /* People.m */ = {isa = PBXFileReference; fileEncoding = 4; lastKnownFileType = sourcecode.c.objc; path = People.m; sourceTree = "<group>"; };
		ABB16AFB13D24E9800D76DFB /* PeopleDatasource.h */ = {isa = PBXFileReference; fileEncoding = 4; lastKnownFileType = sourcecode.c.h; path = PeopleDatasource.h; sourceTree = "<group>"; };
		ABB16AFC13D24E9900D76DFB /* PeopleDatasource.m */ = {isa = PBXFileReference; fileEncoding = 4; lastKnownFileType = sourcecode.c.objc; path = PeopleDatasource.m; sourceTree = "<group>"; };
		ABB2505213E8275C00D672DF /* MyDetailedTableViewController.m */ = {isa = PBXFileReference; fileEncoding = 4; lastKnownFileType = sourcecode.c.objc; path = MyDetailedTableViewController.m; sourceTree = "<group>"; };
/* End PBXFileReference section */

/* Begin PBXFrameworksBuildPhase section */
		ABB16A5B13CF7BEC00D76DFB /* Frameworks */ = {
			isa = PBXFrameworksBuildPhase;
			buildActionMask = 2147483647;
			files = (
				ABAAFAEE13E5C91B00334541 /* libxml2.dylib in Frameworks */,
				ABAAFAEC13E5C90400334541 /* SystemConfiguration.framework in Frameworks */,
				ABAAFAEA13E5C8F700334541 /* MobileCoreServices.framework in Frameworks */,
				ABAAFAE813E5C8E700334541 /* CFNetwork.framework in Frameworks */,
				ABAAFAE313E5C8D600334541 /* libRestKitJSONParserJSONKit.a in Frameworks */,
				ABAAFAE413E5C8D600334541 /* libRestKitNetwork.a in Frameworks */,
				ABAAFAE513E5C8D600334541 /* libRestKitObjectMapping.a in Frameworks */,
				ABAAFAE613E5C8D600334541 /* libRestKitSupport.a in Frameworks */,
				ABB16A6313CF7BEC00D76DFB /* UIKit.framework in Frameworks */,
				ABB16A6513CF7BEC00D76DFB /* Foundation.framework in Frameworks */,
				ABB16A6713CF7BEC00D76DFB /* CoreGraphics.framework in Frameworks */,
			);
			runOnlyForDeploymentPostprocessing = 0;
		};
/* End PBXFrameworksBuildPhase section */

/* Begin PBXGroup section */
		ABAAFAB313E5C5C900334541 /* Products */ = {
			isa = PBXGroup;
			children = (
				ABAAFAC713E5C5CA00334541 /* libRestKitNetwork.a */,
				ABAAFAC913E5C5CA00334541 /* libRestKitObjectMapping.a */,
				ABAAFACB13E5C5CA00334541 /* libRestKitSupport.a */,
				ABAAFACD13E5C5CA00334541 /* libRestKitJSONParser+NXJSON.a */,
				ABAAFACF13E5C5CA00334541 /* libRestKitJSONParserYAJL.a */,
				ABAAFAD113E5C5CA00334541 /* libRestKitJSONParserSBJSON.a */,
				ABAAFAD313E5C5CA00334541 /* libRestKitJSONParserJSONKit.a */,
				ABAAFAD513E5C5CA00334541 /* libRestKitXMLParserLibxml.a */,
				ABAAFAD713E5C5CA00334541 /* libRestKitCoreData.a */,
				ABAAFAD913E5C5CA00334541 /* libRestKitThree20.a */,
				ABAAFADB13E5C5CA00334541 /* UISpec.app */,
			);
			name = Products;
			sourceTree = "<group>";
		};
		ABB16A5313CF7BEC00D76DFB = {
			isa = PBXGroup;
			children = (
				ABAAFAB213E5C5C900334541 /* RestKit.xcodeproj */,
				ABB16A8C13CF9E0000D76DFB /* README */,
				ABB16A6813CF7BEC00D76DFB /* iPhoneHelloWorld */,
				ABB16A6113CF7BEC00D76DFB /* Frameworks */,
				ABB16A5F13CF7BEC00D76DFB /* Products */,
			);
			sourceTree = "<group>";
		};
		ABB16A5F13CF7BEC00D76DFB /* Products */ = {
			isa = PBXGroup;
			children = (
				ABB16A5E13CF7BEC00D76DFB /* iPhoneHelloWorld.app */,
			);
			name = Products;
			sourceTree = "<group>";
		};
		ABB16A6113CF7BEC00D76DFB /* Frameworks */ = {
			isa = PBXGroup;
			children = (
				ABAAFAED13E5C91B00334541 /* libxml2.dylib */,
				ABAAFAEB13E5C90400334541 /* SystemConfiguration.framework */,
				ABAAFAE913E5C8F700334541 /* MobileCoreServices.framework */,
				ABAAFAE713E5C8E700334541 /* CFNetwork.framework */,
				ABAAFADF13E5C8D600334541 /* libRestKitJSONParserJSONKit.a */,
				ABAAFAE013E5C8D600334541 /* libRestKitNetwork.a */,
				ABAAFAE113E5C8D600334541 /* libRestKitObjectMapping.a */,
				ABAAFAE213E5C8D600334541 /* libRestKitSupport.a */,
				ABB16A6213CF7BEC00D76DFB /* UIKit.framework */,
				ABB16A6413CF7BEC00D76DFB /* Foundation.framework */,
				ABB16A6613CF7BEC00D76DFB /* CoreGraphics.framework */,
			);
			name = Frameworks;
			sourceTree = "<group>";
		};
		ABB16A6813CF7BEC00D76DFB /* iPhoneHelloWorld */ = {
			isa = PBXGroup;
			children = (
				AB8405E313D378C5003239F9 /* MyTableViewController.h */,
				AB8405E413D378C6003239F9 /* MyTableViewController.m */,
				AB8405E513D378C6003239F9 /* MyTableViewController.xib */,
				ABB16AFE13D24EA100D76DFB /* DataSource */,
				ABB16AB413CFCE5300D76DFB /* NamesList.h */,
				ABB16AB513CFCE5300D76DFB /* NamesList.m */,
				ABB16AF113D23E4700D76DFB /* DataModel */,
				ABB16A8E13CFA48B00D76DFB /* json */,
				ABB16A7113CF7BEC00D76DFB /* iPhoneHelloWorldAppDelegate.h */,
				ABB16A7213CF7BEC00D76DFB /* iPhoneHelloWorldAppDelegate.m */,
				ABB16A7413CF7BEC00D76DFB /* iPhone */,
				ABB16A7B13CF7BEC00D76DFB /* iPad */,
				ABB16A6913CF7BEC00D76DFB /* Supporting Files */,
				ABB16A8713CF847300D76DFB /* MyViewController.h */,
				ABB16A8813CF847300D76DFB /* MyViewController.m */,
				ABB16A8913CF847300D76DFB /* MyViewController.xib */,
				AB8405F113D3C5C1003239F9 /* MyDetailedTableViewController.h */,
				ABB2505213E8275C00D672DF /* MyDetailedTableViewController.m */,
				AB8405F313D3C5C1003239F9 /* MyDetailedTableViewController.xib */,
			);
			path = iPhoneHelloWorld;
			sourceTree = "<group>";
		};
		ABB16A6913CF7BEC00D76DFB /* Supporting Files */ = {
			isa = PBXGroup;
			children = (
				ABB16A6A13CF7BEC00D76DFB /* iPhoneHelloWorld-Info.plist */,
				ABB16A6B13CF7BEC00D76DFB /* InfoPlist.strings */,
				ABB16A6E13CF7BEC00D76DFB /* iPhoneHelloWorld-Prefix.pch */,
				ABB16A6F13CF7BEC00D76DFB /* main.m */,
			);
			name = "Supporting Files";
			sourceTree = "<group>";
		};
		ABB16A7413CF7BEC00D76DFB /* iPhone */ = {
			isa = PBXGroup;
			children = (
				ABB16A7513CF7BEC00D76DFB /* iPhoneHelloWorldAppDelegate_iPhone.h */,
				ABB16A7613CF7BEC00D76DFB /* iPhoneHelloWorldAppDelegate_iPhone.m */,
				ABB16A7813CF7BEC00D76DFB /* MainWindow_iPhone.xib */,
			);
			name = iPhone;
			sourceTree = "<group>";
		};
		ABB16A7B13CF7BEC00D76DFB /* iPad */ = {
			isa = PBXGroup;
			children = (
				ABB16A7C13CF7BEC00D76DFB /* iPhoneHelloWorldAppDelegate_iPad.h */,
				ABB16A7D13CF7BEC00D76DFB /* iPhoneHelloWorldAppDelegate_iPad.m */,
				ABB16A7F13CF7BEC00D76DFB /* MainWindow_iPad.xib */,
			);
			name = iPad;
			sourceTree = "<group>";
		};
		ABB16A8E13CFA48B00D76DFB /* json */ = {
			isa = PBXGroup;
			children = (
				ABB16A8F13CFA4B400D76DFB /* NSObject+SBJson.h */,
				ABB16A9013CFA4B400D76DFB /* NSObject+SBJson.m */,
				ABB16A9113CFA4B400D76DFB /* SBJson.h */,
				ABB16A9213CFA4B400D76DFB /* SBJsonParser.h */,
				ABB16A9313CFA4B400D76DFB /* SBJsonParser.m */,
				ABB16A9413CFA4B400D76DFB /* SBJsonStreamParser.h */,
				ABB16A9513CFA4B400D76DFB /* SBJsonStreamParser.m */,
				ABB16A9613CFA4B400D76DFB /* SBJsonStreamParserAccumulator.h */,
				ABB16A9713CFA4B400D76DFB /* SBJsonStreamParserAccumulator.m */,
				ABB16A9813CFA4B400D76DFB /* SBJsonStreamParserAdapter.h */,
				ABB16A9913CFA4B400D76DFB /* SBJsonStreamParserAdapter.m */,
				ABB16A9A13CFA4B400D76DFB /* SBJsonStreamParserState.h */,
				ABB16A9B13CFA4B400D76DFB /* SBJsonStreamParserState.m */,
				ABB16A9C13CFA4B400D76DFB /* SBJsonStreamWriter.h */,
				ABB16A9D13CFA4B400D76DFB /* SBJsonStreamWriter.m */,
				ABB16A9E13CFA4B400D76DFB /* SBJsonStreamWriterAccumulator.h */,
				ABB16A9F13CFA4B400D76DFB /* SBJsonStreamWriterAccumulator.m */,
				ABB16AA013CFA4B400D76DFB /* SBJsonStreamWriterState.h */,
				ABB16AA113CFA4B400D76DFB /* SBJsonStreamWriterState.m */,
				ABB16AA213CFA4B400D76DFB /* SBJsonTokeniser.h */,
				ABB16AA313CFA4B400D76DFB /* SBJsonTokeniser.m */,
				ABB16AA413CFA4B400D76DFB /* SBJsonUTF8Stream.h */,
				ABB16AA513CFA4B400D76DFB /* SBJsonUTF8Stream.m */,
				ABB16AA613CFA4B400D76DFB /* SBJsonWriter.h */,
				ABB16AA713CFA4B400D76DFB /* SBJsonWriter.m */,
			);
			name = json;
			sourceTree = "<group>";
		};
		ABB16AF113D23E4700D76DFB /* DataModel */ = {
			isa = PBXGroup;
			children = (
				ABB16AF213D23EB000D76DFB /* Person.h */,
				ABB16AF313D23EB000D76DFB /* Person.m */,
				ABB16AF513D23FCA00D76DFB /* Weight.h */,
				ABB16AF613D23FCA00D76DFB /* Weight.m */,
				ABB16AF813D246EE00D76DFB /* People.h */,
				ABB16AF913D246EE00D76DFB /* People.m */,
			);
			name = DataModel;
			sourceTree = "<group>";
		};
		ABB16AFE13D24EA100D76DFB /* DataSource */ = {
			isa = PBXGroup;
			children = (
				ABB16AFB13D24E9800D76DFB /* PeopleDatasource.h */,
				ABB16AFC13D24E9900D76DFB /* PeopleDatasource.m */,
				AB8405F613D3C622003239F9 /* PersonDataSource.h */,
				AB8405F713D3C622003239F9 /* PersonDataSource.m */,
			);
			name = DataSource;
			sourceTree = "<group>";
		};
/* End PBXGroup section */

/* Begin PBXNativeTarget section */
		ABB16A5D13CF7BEC00D76DFB /* iPhoneHelloWorld */ = {
			isa = PBXNativeTarget;
			buildConfigurationList = ABB16A8413CF7BEC00D76DFB /* Build configuration list for PBXNativeTarget "iPhoneHelloWorld" */;
			buildPhases = (
				ABB16A5A13CF7BEC00D76DFB /* Sources */,
				ABB16A5B13CF7BEC00D76DFB /* Frameworks */,
				ABB16A5C13CF7BEC00D76DFB /* Resources */,
			);
			buildRules = (
			);
			dependencies = (
				ABAAFADE13E5C81700334541 /* PBXTargetDependency */,
			);
			name = iPhoneHelloWorld;
			productName = iPhoneHelloWorld;
			productReference = ABB16A5E13CF7BEC00D76DFB /* iPhoneHelloWorld.app */;
			productType = "com.apple.product-type.application";
		};
/* End PBXNativeTarget section */

/* Begin PBXProject section */
		ABB16A5513CF7BEC00D76DFB /* Project object */ = {
			isa = PBXProject;
			buildConfigurationList = ABB16A5813CF7BEC00D76DFB /* Build configuration list for PBXProject "iPhoneHelloWorld" */;
			compatibilityVersion = "Xcode 3.2";
			developmentRegion = English;
			hasScannedForEncodings = 0;
			knownRegions = (
				en,
			);
			mainGroup = ABB16A5313CF7BEC00D76DFB;
			productRefGroup = ABB16A5F13CF7BEC00D76DFB /* Products */;
			projectDirPath = "";
			projectReferences = (
				{
					ProductGroup = ABAAFAB313E5C5C900334541 /* Products */;
					ProjectRef = ABAAFAB213E5C5C900334541 /* RestKit.xcodeproj */;
				},
			);
			projectRoot = "";
			targets = (
				ABB16A5D13CF7BEC00D76DFB /* iPhoneHelloWorld */,
			);
		};
/* End PBXProject section */

/* Begin PBXReferenceProxy section */
		ABAAFAC713E5C5CA00334541 /* libRestKitNetwork.a */ = {
			isa = PBXReferenceProxy;
			fileType = archive.ar;
			path = libRestKitNetwork.a;
			remoteRef = ABAAFAC613E5C5CA00334541 /* PBXContainerItemProxy */;
			sourceTree = BUILT_PRODUCTS_DIR;
		};
		ABAAFAC913E5C5CA00334541 /* libRestKitObjectMapping.a */ = {
			isa = PBXReferenceProxy;
			fileType = archive.ar;
			path = libRestKitObjectMapping.a;
			remoteRef = ABAAFAC813E5C5CA00334541 /* PBXContainerItemProxy */;
			sourceTree = BUILT_PRODUCTS_DIR;
		};
		ABAAFACB13E5C5CA00334541 /* libRestKitSupport.a */ = {
			isa = PBXReferenceProxy;
			fileType = archive.ar;
			path = libRestKitSupport.a;
			remoteRef = ABAAFACA13E5C5CA00334541 /* PBXContainerItemProxy */;
			sourceTree = BUILT_PRODUCTS_DIR;
		};
		ABAAFACD13E5C5CA00334541 /* libRestKitJSONParser+NXJSON.a */ = {
			isa = PBXReferenceProxy;
			fileType = archive.ar;
			name = "libRestKitJSONParser+NXJSON.a";
			path = libRestKitJSONParserNXJSON.a;
			remoteRef = ABAAFACC13E5C5CA00334541 /* PBXContainerItemProxy */;
			sourceTree = BUILT_PRODUCTS_DIR;
		};
		ABAAFACF13E5C5CA00334541 /* libRestKitJSONParserYAJL.a */ = {
			isa = PBXReferenceProxy;
			fileType = archive.ar;
			path = libRestKitJSONParserYAJL.a;
			remoteRef = ABAAFACE13E5C5CA00334541 /* PBXContainerItemProxy */;
			sourceTree = BUILT_PRODUCTS_DIR;
		};
		ABAAFAD113E5C5CA00334541 /* libRestKitJSONParserSBJSON.a */ = {
			isa = PBXReferenceProxy;
			fileType = archive.ar;
			path = libRestKitJSONParserSBJSON.a;
			remoteRef = ABAAFAD013E5C5CA00334541 /* PBXContainerItemProxy */;
			sourceTree = BUILT_PRODUCTS_DIR;
		};
		ABAAFAD313E5C5CA00334541 /* libRestKitJSONParserJSONKit.a */ = {
			isa = PBXReferenceProxy;
			fileType = archive.ar;
			path = libRestKitJSONParserJSONKit.a;
			remoteRef = ABAAFAD213E5C5CA00334541 /* PBXContainerItemProxy */;
			sourceTree = BUILT_PRODUCTS_DIR;
		};
		ABAAFAD513E5C5CA00334541 /* libRestKitXMLParserLibxml.a */ = {
			isa = PBXReferenceProxy;
			fileType = archive.ar;
			path = libRestKitXMLParserLibxml.a;
			remoteRef = ABAAFAD413E5C5CA00334541 /* PBXContainerItemProxy */;
			sourceTree = BUILT_PRODUCTS_DIR;
		};
		ABAAFAD713E5C5CA00334541 /* libRestKitCoreData.a */ = {
			isa = PBXReferenceProxy;
			fileType = archive.ar;
			path = libRestKitCoreData.a;
			remoteRef = ABAAFAD613E5C5CA00334541 /* PBXContainerItemProxy */;
			sourceTree = BUILT_PRODUCTS_DIR;
		};
		ABAAFAD913E5C5CA00334541 /* libRestKitThree20.a */ = {
			isa = PBXReferenceProxy;
			fileType = archive.ar;
			path = libRestKitThree20.a;
			remoteRef = ABAAFAD813E5C5CA00334541 /* PBXContainerItemProxy */;
			sourceTree = BUILT_PRODUCTS_DIR;
		};
		ABAAFADB13E5C5CA00334541 /* UISpec.app */ = {
			isa = PBXReferenceProxy;
			fileType = wrapper.application;
			path = UISpec.app;
			remoteRef = ABAAFADA13E5C5CA00334541 /* PBXContainerItemProxy */;
			sourceTree = BUILT_PRODUCTS_DIR;
		};
/* End PBXReferenceProxy section */

/* Begin PBXResourcesBuildPhase section */
		ABB16A5C13CF7BEC00D76DFB /* Resources */ = {
			isa = PBXResourcesBuildPhase;
			buildActionMask = 2147483647;
			files = (
				ABB16A6D13CF7BEC00D76DFB /* InfoPlist.strings in Resources */,
				ABB16A7A13CF7BEC00D76DFB /* MainWindow_iPhone.xib in Resources */,
				ABB16A8113CF7BEC00D76DFB /* MainWindow_iPad.xib in Resources */,
				ABB16A8B13CF847300D76DFB /* MyViewController.xib in Resources */,
				ABB16A8D13CF9E0000D76DFB /* README in Resources */,
				AB8405E713D378C6003239F9 /* MyTableViewController.xib in Resources */,
				AB8405F513D3C5C2003239F9 /* MyDetailedTableViewController.xib in Resources */,
			);
			runOnlyForDeploymentPostprocessing = 0;
		};
/* End PBXResourcesBuildPhase section */

/* Begin PBXSourcesBuildPhase section */
		ABB16A5A13CF7BEC00D76DFB /* Sources */ = {
			isa = PBXSourcesBuildPhase;
			buildActionMask = 2147483647;
			files = (
				ABB16A7013CF7BEC00D76DFB /* main.m in Sources */,
				ABB16A7313CF7BEC00D76DFB /* iPhoneHelloWorldAppDelegate.m in Sources */,
				ABB16A7713CF7BEC00D76DFB /* iPhoneHelloWorldAppDelegate_iPhone.m in Sources */,
				ABB16A7E13CF7BEC00D76DFB /* iPhoneHelloWorldAppDelegate_iPad.m in Sources */,
				ABB16A8A13CF847300D76DFB /* MyViewController.m in Sources */,
				ABB16AA813CFA4B400D76DFB /* NSObject+SBJson.m in Sources */,
				ABB16AA913CFA4B400D76DFB /* SBJsonParser.m in Sources */,
				ABB16AAA13CFA4B400D76DFB /* SBJsonStreamParser.m in Sources */,
				ABB16AAB13CFA4B400D76DFB /* SBJsonStreamParserAccumulator.m in Sources */,
				ABB16AAC13CFA4B400D76DFB /* SBJsonStreamParserAdapter.m in Sources */,
				ABB16AAD13CFA4B400D76DFB /* SBJsonStreamParserState.m in Sources */,
				ABB16AAE13CFA4B400D76DFB /* SBJsonStreamWriter.m in Sources */,
				ABB16AAF13CFA4B400D76DFB /* SBJsonStreamWriterAccumulator.m in Sources */,
				ABB16AB013CFA4B400D76DFB /* SBJsonStreamWriterState.m in Sources */,
				ABB16AB113CFA4B400D76DFB /* SBJsonTokeniser.m in Sources */,
				ABB16AB213CFA4B400D76DFB /* SBJsonUTF8Stream.m in Sources */,
				ABB16AB313CFA4B400D76DFB /* SBJsonWriter.m in Sources */,
				ABB16AB613CFCE5300D76DFB /* NamesList.m in Sources */,
				ABB16AF413D23EB000D76DFB /* Person.m in Sources */,
				ABB16AF713D23FCA00D76DFB /* Weight.m in Sources */,
				ABB16AFA13D246EF00D76DFB /* People.m in Sources */,
				ABB16AFD13D24E9A00D76DFB /* PeopleDatasource.m in Sources */,
				AB8405E613D378C6003239F9 /* MyTableViewController.m in Sources */,
				AB8405F813D3C622003239F9 /* PersonDataSource.m in Sources */,
				ABB2505313E8275C00D672DF /* MyDetailedTableViewController.m in Sources */,
			);
			runOnlyForDeploymentPostprocessing = 0;
		};
/* End PBXSourcesBuildPhase section */

/* Begin PBXTargetDependency section */
		ABAAFADE13E5C81700334541 /* PBXTargetDependency */ = {
			isa = PBXTargetDependency;
			name = RestKit;
			targetProxy = ABAAFADD13E5C81700334541 /* PBXContainerItemProxy */;
		};
/* End PBXTargetDependency section */

/* Begin PBXVariantGroup section */
		ABB16A6B13CF7BEC00D76DFB /* InfoPlist.strings */ = {
			isa = PBXVariantGroup;
			children = (
				ABB16A6C13CF7BEC00D76DFB /* en */,
			);
			name = InfoPlist.strings;
			sourceTree = "<group>";
		};
		ABB16A7813CF7BEC00D76DFB /* MainWindow_iPhone.xib */ = {
			isa = PBXVariantGroup;
			children = (
				ABB16A7913CF7BEC00D76DFB /* en */,
			);
			name = MainWindow_iPhone.xib;
			sourceTree = "<group>";
		};
		ABB16A7F13CF7BEC00D76DFB /* MainWindow_iPad.xib */ = {
			isa = PBXVariantGroup;
			children = (
				ABB16A8013CF7BEC00D76DFB /* en */,
			);
			name = MainWindow_iPad.xib;
			sourceTree = "<group>";
		};
/* End PBXVariantGroup section */

/* Begin XCBuildConfiguration section */
		ABB16A8213CF7BEC00D76DFB /* Debug */ = {
			isa = XCBuildConfiguration;
			buildSettings = {
				ARCHS = "$(ARCHS_STANDARD_32_BIT)";
				"CODE_SIGN_IDENTITY[sdk=iphoneos*]" = "iPhone Developer";
				GCC_C_LANGUAGE_STANDARD = gnu99;
				GCC_OPTIMIZATION_LEVEL = 0;
				GCC_PREPROCESSOR_DEFINITIONS = DEBUG;
				GCC_SYMBOLS_PRIVATE_EXTERN = NO;
				GCC_VERSION = com.apple.compilers.llvmgcc42;
				GCC_WARN_ABOUT_RETURN_TYPE = YES;
				GCC_WARN_UNUSED_VARIABLE = YES;
				HEADER_SEARCH_PATHS = "$(SOURCE_ROOT)/RestKit/Build";
				IPHONEOS_DEPLOYMENT_TARGET = 4.3;
				LIBRARY_SEARCH_PATHS = "\"$(SOURCE_CODE)/RestKit/Build/$(BUILD_STYLE)-$(PLATFORM_NAME)\"";
				"LIBRARY_SEARCH_PATHS[arch=*]" = "";
				OTHER_LDFLAGS = (
					"-ObjC",
					"-all_load",
				);
				SDKROOT = iphoneos;
				TARGETED_DEVICE_FAMILY = "1,2";
			};
			name = Debug;
		};
		ABB16A8313CF7BEC00D76DFB /* Release */ = {
			isa = XCBuildConfiguration;
			buildSettings = {
				ARCHS = "$(ARCHS_STANDARD_32_BIT)";
				"CODE_SIGN_IDENTITY[sdk=iphoneos*]" = "iPhone Developer";
				GCC_C_LANGUAGE_STANDARD = gnu99;
				GCC_VERSION = com.apple.compilers.llvmgcc42;
				GCC_WARN_ABOUT_RETURN_TYPE = YES;
				GCC_WARN_UNUSED_VARIABLE = YES;
				HEADER_SEARCH_PATHS = "$(SOURCE_ROOT)/RestKit/Build";
				IPHONEOS_DEPLOYMENT_TARGET = 4.3;
				LIBRARY_SEARCH_PATHS = "\"$(SOURCE_CODE)/RestKit/Build/$(BUILD_STYLE)-$(PLATFORM_NAME)\"";
				OTHER_CFLAGS = "-DNS_BLOCK_ASSERTIONS=1";
				OTHER_LDFLAGS = (
					"-ObjC",
					"-all_load",
				);
				SDKROOT = iphoneos;
				TARGETED_DEVICE_FAMILY = "1,2";
			};
			name = Release;
		};
		ABB16A8513CF7BEC00D76DFB /* Debug */ = {
			isa = XCBuildConfiguration;
			buildSettings = {
				ALWAYS_SEARCH_USER_PATHS = NO;
				COPY_PHASE_STRIP = NO;
				GCC_DYNAMIC_NO_PIC = NO;
				GCC_PRECOMPILE_PREFIX_HEADER = YES;
				GCC_PREFIX_HEADER = "iPhoneHelloWorld/iPhoneHelloWorld-Prefix.pch";
				INFOPLIST_FILE = "iPhoneHelloWorld/iPhoneHelloWorld-Info.plist";
				LIBRARY_SEARCH_PATHS = (
					"$(inherited)",
					"\"$(SRCROOT)\"",
				);
				PRODUCT_NAME = "$(TARGET_NAME)";
				WRAPPER_EXTENSION = app;
			};
			name = Debug;
		};
		ABB16A8613CF7BEC00D76DFB /* Release */ = {
			isa = XCBuildConfiguration;
			buildSettings = {
				ALWAYS_SEARCH_USER_PATHS = NO;
				COPY_PHASE_STRIP = YES;
				GCC_PRECOMPILE_PREFIX_HEADER = YES;
				GCC_PREFIX_HEADER = "iPhoneHelloWorld/iPhoneHelloWorld-Prefix.pch";
				INFOPLIST_FILE = "iPhoneHelloWorld/iPhoneHelloWorld-Info.plist";
				LIBRARY_SEARCH_PATHS = (
					"$(inherited)",
					"\"$(SRCROOT)\"",
				);
				PRODUCT_NAME = "$(TARGET_NAME)";
				VALIDATE_PRODUCT = YES;
				WRAPPER_EXTENSION = app;
			};
			name = Release;
		};
/* End XCBuildConfiguration section */

/* Begin XCConfigurationList section */
		ABB16A5813CF7BEC00D76DFB /* Build configuration list for PBXProject "iPhoneHelloWorld" */ = {
			isa = XCConfigurationList;
			buildConfigurations = (
				ABB16A8213CF7BEC00D76DFB /* Debug */,
				ABB16A8313CF7BEC00D76DFB /* Release */,
			);
			defaultConfigurationIsVisible = 0;
			defaultConfigurationName = Release;
		};
		ABB16A8413CF7BEC00D76DFB /* Build configuration list for PBXNativeTarget "iPhoneHelloWorld" */ = {
			isa = XCConfigurationList;
			buildConfigurations = (
				ABB16A8513CF7BEC00D76DFB /* Debug */,
				ABB16A8613CF7BEC00D76DFB /* Release */,
			);
			defaultConfigurationIsVisible = 0;
			defaultConfigurationName = Release;
		};
/* End XCConfigurationList section */
	};
	rootObject = ABB16A5513CF7BEC00D76DFB /* Project object */;
}
